// !$*UTF8*$!
{
	archiveVersion = 1;
	classes = {
	};
	objectVersion = 46;
	objects = {

/* Begin PBXBuildFile section */
		A6091FCA1CB567630076BD59 /* SccpVariant.h in Headers */ = {isa = PBXBuildFile; fileRef = A6091FC81CB567620076BD59 /* SccpVariant.h */; settings = {ATTRIBUTES = (Public, ); }; };
		A6322090205FD0AE006CC06A /* SccpL3RoutingTable.h in Headers */ = {isa = PBXBuildFile; fileRef = A632208E205FD0AE006CC06A /* SccpL3RoutingTable.h */; settings = {ATTRIBUTES = (Public, ); }; };
		A6322091205FD0AE006CC06A /* SccpL3RoutingTable.m in Sources */ = {isa = PBXBuildFile; fileRef = A632208F205FD0AE006CC06A /* SccpL3RoutingTable.m */; };
		A6322094205FD0CE006CC06A /* SccpL3RoutingTableEntry.h in Headers */ = {isa = PBXBuildFile; fileRef = A6322092205FD0CE006CC06A /* SccpL3RoutingTableEntry.h */; settings = {ATTRIBUTES = (Public, ); }; };
		A6322095205FD0CE006CC06A /* SccpL3RoutingTableEntry.m in Sources */ = {isa = PBXBuildFile; fileRef = A6322093205FD0CE006CC06A /* SccpL3RoutingTableEntry.m */; };
		A6322098205FD186006CC06A /* SccpL3RouteStatus.h in Headers */ = {isa = PBXBuildFile; fileRef = A6322096205FD186006CC06A /* SccpL3RouteStatus.h */; settings = {ATTRIBUTES = (Public, ); }; };
		A657727F252705CE004FFFBB /* SccpGttRoutingTableSubEntry.h in Headers */ = {isa = PBXBuildFile; fileRef = A657727D252705CE004FFFBB /* SccpGttRoutingTableSubEntry.h */; };
		A6577280252705CE004FFFBB /* SccpGttRoutingTableSubEntry.m in Sources */ = {isa = PBXBuildFile; fileRef = A657727E252705CE004FFFBB /* SccpGttRoutingTableSubEntry.m */; };
		A6604A502527142B00D978EF /* ulib.framework in Frameworks */ = {isa = PBXBuildFile; fileRef = A6604A4F2527142B00D978EF /* ulib.framework */; };
		A661D1A21E89234E00A5140C /* SccpTTMap.h in Headers */ = {isa = PBXBuildFile; fileRef = A661D1A01E89234E00A5140C /* SccpTTMap.h */; settings = {ATTRIBUTES = (Public, ); }; };
		A661D1A31E89234E00A5140C /* SccpTTMap.m in Sources */ = {isa = PBXBuildFile; fileRef = A661D1A11E89234E00A5140C /* SccpTTMap.m */; };
		A661D1A61E892D9300A5140C /* SccpGttRoutingTableDigitNode.h in Headers */ = {isa = PBXBuildFile; fileRef = A661D1A41E892D9300A5140C /* SccpGttRoutingTableDigitNode.h */; settings = {ATTRIBUTES = (Public, ); }; };
		A661D1A71E892D9300A5140C /* SccpGttRoutingTableDigitNode.m in Sources */ = {isa = PBXBuildFile; fileRef = A661D1A51E892D9300A5140C /* SccpGttRoutingTableDigitNode.m */; };
		A66233C11E4C46C60095B5D8 /* SccpGttRoutingTable.h in Headers */ = {isa = PBXBuildFile; fileRef = A66233BF1E4C46C60095B5D8 /* SccpGttRoutingTable.h */; settings = {ATTRIBUTES = (Public, ); }; };
		A66233C21E4C46C60095B5D8 /* SccpGttRoutingTable.m in Sources */ = {isa = PBXBuildFile; fileRef = A66233C01E4C46C60095B5D8 /* SccpGttRoutingTable.m */; };
		A666EF6E1E89C54C004804CB /* UMSyntaxGT.h in Headers */ = {isa = PBXBuildFile; fileRef = A666EF6C1E89C54C004804CB /* UMSyntaxGT.h */; settings = {ATTRIBUTES = (Public, ); }; };
		A666EF6F1E89C54C004804CB /* UMSyntaxGT.m in Sources */ = {isa = PBXBuildFile; fileRef = A666EF6D1E89C54C004804CB /* UMSyntaxGT.m */; };
		A666EF721E89C71F004804CB /* UMSyntaxGT_addressConversion.h in Headers */ = {isa = PBXBuildFile; fileRef = A666EF701E89C71F004804CB /* UMSyntaxGT_addressConversion.h */; settings = {ATTRIBUTES = (Public, ); }; };
		A666EF731E89C71F004804CB /* UMSyntaxGT_addressConversion.m in Sources */ = {isa = PBXBuildFile; fileRef = A666EF711E89C71F004804CB /* UMSyntaxGT_addressConversion.m */; };
		A666EF761E89C73C004804CB /* UMSyntaxGT_applicationGroup.h in Headers */ = {isa = PBXBuildFile; fileRef = A666EF741E89C73C004804CB /* UMSyntaxGT_applicationGroup.h */; settings = {ATTRIBUTES = (Public, ); }; };
		A666EF771E89C73C004804CB /* UMSyntaxGT_applicationGroup.m in Sources */ = {isa = PBXBuildFile; fileRef = A666EF751E89C73C004804CB /* UMSyntaxGT_applicationGroup.m */; };
		A666EF7A1E89C760004804CB /* UMSyntaxGT_selector.h in Headers */ = {isa = PBXBuildFile; fileRef = A666EF781E89C760004804CB /* UMSyntaxGT_selector.h */; settings = {ATTRIBUTES = (Public, ); }; };
		A666EF7B1E89C760004804CB /* UMSyntaxGT_selector.m in Sources */ = {isa = PBXBuildFile; fileRef = A666EF791E89C760004804CB /* UMSyntaxGT_selector.m */; };
		A68A22741B18B5DD00854472 /* ulibgt.h in Headers */ = {isa = PBXBuildFile; fileRef = A68A22731B18B5DD00854472 /* ulibgt.h */; settings = {ATTRIBUTES = (Public, ); }; };
		A68A227A1B18B5DD00854472 /* ulibgt.framework in Frameworks */ = {isa = PBXBuildFile; fileRef = A68A226E1B18B5DD00854472 /* ulibgt.framework */; };
		A68A22811B18B5DD00854472 /* ulibgtTests.m in Sources */ = {isa = PBXBuildFile; fileRef = A68A22801B18B5DD00854472 /* ulibgtTests.m */; };
		A68A22991B18B93D00854472 /* SccpGttRegistry.h in Headers */ = {isa = PBXBuildFile; fileRef = A68A228E1B18B93D00854472 /* SccpGttRegistry.h */; settings = {ATTRIBUTES = (Public, ); }; };
		A68A229A1B18B93D00854472 /* SccpGttRegistry.m in Sources */ = {isa = PBXBuildFile; fileRef = A68A228F1B18B93D00854472 /* SccpGttRegistry.m */; };
		A68A229B1B18B93D00854472 /* SccpGttRegistry.m in Sources */ = {isa = PBXBuildFile; fileRef = A68A228F1B18B93D00854472 /* SccpGttRegistry.m */; };
		A68A229C1B18B93D00854472 /* SccpGttSelector.h in Headers */ = {isa = PBXBuildFile; fileRef = A68A22901B18B93D00854472 /* SccpGttSelector.h */; settings = {ATTRIBUTES = (Public, ); }; };
		A68A229D1B18B93D00854472 /* SccpGttSelector.m in Sources */ = {isa = PBXBuildFile; fileRef = A68A22911B18B93D00854472 /* SccpGttSelector.m */; };
		A68A229E1B18B93D00854472 /* SccpGttSelector.m in Sources */ = {isa = PBXBuildFile; fileRef = A68A22911B18B93D00854472 /* SccpGttSelector.m */; };
		A6ADC5DB1CADBB2F00211137 /* SccpTranslationTableNumber.h in Headers */ = {isa = PBXBuildFile; fileRef = A6ADC5D91CADBB2F00211137 /* SccpTranslationTableNumber.h */; settings = {ATTRIBUTES = (Public, ); }; };
		A6ADC5DC1CADBB2F00211137 /* SccpTranslationTableNumber.m in Sources */ = {isa = PBXBuildFile; fileRef = A6ADC5DA1CADBB2F00211137 /* SccpTranslationTableNumber.m */; };
		A6ADC5DE1CADEA2C00211137 /* ulibmtp3.framework in Frameworks */ = {isa = PBXBuildFile; fileRef = A6ADC5DD1CADEA2C00211137 /* ulibmtp3.framework */; };
		A6C0AFB82089F90C00DAB157 /* SccpNumberTranslation.h in Headers */ = {isa = PBXBuildFile; fileRef = A6C0AFB62089F90C00DAB157 /* SccpNumberTranslation.h */; settings = {ATTRIBUTES = (Public, ); }; };
		A6C0AFB92089F90C00DAB157 /* SccpNumberTranslation.m in Sources */ = {isa = PBXBuildFile; fileRef = A6C0AFB72089F90C00DAB157 /* SccpNumberTranslation.m */; };
		A6C0AFBC2089F91A00DAB157 /* SccpNumberTranslationEntry.h in Headers */ = {isa = PBXBuildFile; fileRef = A6C0AFBA2089F91A00DAB157 /* SccpNumberTranslationEntry.h */; settings = {ATTRIBUTES = (Public, ); }; };
		A6C0AFBD2089F91A00DAB157 /* SccpNumberTranslationEntry.m in Sources */ = {isa = PBXBuildFile; fileRef = A6C0AFBB2089F91A00DAB157 /* SccpNumberTranslationEntry.m */; };
		A6C2914C2361095200A34651 /* SccpCountry.h in Headers */ = {isa = PBXBuildFile; fileRef = A6C2914A2361095200A34651 /* SccpCountry.h */; settings = {ATTRIBUTES = (Public, ); }; };
		A6C2914D2361095200A34651 /* SccpCountry.m in Sources */ = {isa = PBXBuildFile; fileRef = A6C2914B2361095200A34651 /* SccpCountry.m */; };
		A6D03BD81CA4959600211137 /* SccpAddress.h in Headers */ = {isa = PBXBuildFile; fileRef = A6D03BD61CA4959600211137 /* SccpAddress.h */; settings = {ATTRIBUTES = (Public, ); }; };
		A6D03BD91CA4959600211137 /* SccpAddress.m in Sources */ = {isa = PBXBuildFile; fileRef = A6D03BD71CA4959600211137 /* SccpAddress.m */; };
		A6D03BDC1CA497D200211137 /* SccpAddressIndicator.h in Headers */ = {isa = PBXBuildFile; fileRef = A6D03BDA1CA497D200211137 /* SccpAddressIndicator.h */; settings = {ATTRIBUTES = (Public, ); }; };
		A6D03BDD1CA497D200211137 /* SccpAddressIndicator.m in Sources */ = {isa = PBXBuildFile; fileRef = A6D03BDB1CA497D200211137 /* SccpAddressIndicator.m */; };
		A6D03BE01CA49DCD00211137 /* SccpNatureOfAddressIndicator.h in Headers */ = {isa = PBXBuildFile; fileRef = A6D03BDE1CA49DCD00211137 /* SccpNatureOfAddressIndicator.h */; settings = {ATTRIBUTES = (Public, ); }; };
		A6D03BE11CA49DCD00211137 /* SccpNatureOfAddressIndicator.m in Sources */ = {isa = PBXBuildFile; fileRef = A6D03BDF1CA49DCD00211137 /* SccpNatureOfAddressIndicator.m */; };
		A6D03BE41CA49E0700211137 /* SccpSubSystemNumber.h in Headers */ = {isa = PBXBuildFile; fileRef = A6D03BE21CA49E0700211137 /* SccpSubSystemNumber.h */; settings = {ATTRIBUTES = (Public, ); }; };
		A6D03BE51CA49E0700211137 /* SccpSubSystemNumber.m in Sources */ = {isa = PBXBuildFile; fileRef = A6D03BE31CA49E0700211137 /* SccpSubSystemNumber.m */; };
		A6D03BE81CA49F0F00211137 /* SccpTypeOfNumberIndicator.h in Headers */ = {isa = PBXBuildFile; fileRef = A6D03BE61CA49F0F00211137 /* SccpTypeOfNumberIndicator.h */; settings = {ATTRIBUTES = (Public, ); }; };
		A6D03BE91CA49F0F00211137 /* SccpTypeOfNumberIndicator.m in Sources */ = {isa = PBXBuildFile; fileRef = A6D03BE71CA49F0F00211137 /* SccpTypeOfNumberIndicator.m */; };
		A6D03BEC1CA4A0E800211137 /* SccpNumberPlanIndicator.h in Headers */ = {isa = PBXBuildFile; fileRef = A6D03BEA1CA4A0E800211137 /* SccpNumberPlanIndicator.h */; settings = {ATTRIBUTES = (Public, ); }; };
		A6D03BED1CA4A0E800211137 /* SccpNumberPlanIndicator.m in Sources */ = {isa = PBXBuildFile; fileRef = A6D03BEB1CA4A0E800211137 /* SccpNumberPlanIndicator.m */; };
		A6D83D101E4C562900D04652 /* SccpGttRoutingTableEntry.h in Headers */ = {isa = PBXBuildFile; fileRef = A6D83D0E1E4C562900D04652 /* SccpGttRoutingTableEntry.h */; settings = {ATTRIBUTES = (Public, ); }; };
		A6D83D111E4C562900D04652 /* SccpGttRoutingTableEntry.m in Sources */ = {isa = PBXBuildFile; fileRef = A6D83D0F1E4C562900D04652 /* SccpGttRoutingTableEntry.m */; };
		A6E6E8A0205C842E00342810 /* SccpDestinationGroup.h in Headers */ = {isa = PBXBuildFile; fileRef = A6E6E89E205C842E00342810 /* SccpDestinationGroup.h */; settings = {ATTRIBUTES = (Public, ); }; };
		A6E6E8A1205C842E00342810 /* SccpDestinationGroup.m in Sources */ = {isa = PBXBuildFile; fileRef = A6E6E89F205C842E00342810 /* SccpDestinationGroup.m */; };
		A6E6E8A4205C843800342810 /* SccpDestination.h in Headers */ = {isa = PBXBuildFile; fileRef = A6E6E8A2205C843800342810 /* SccpDestination.h */; settings = {ATTRIBUTES = (Public, ); }; };
		A6E6E8A5205C843800342810 /* SccpDestination.m in Sources */ = {isa = PBXBuildFile; fileRef = A6E6E8A3205C843800342810 /* SccpDestination.m */; };
/* End PBXBuildFile section */

/* Begin PBXContainerItemProxy section */
		A68A227B1B18B5DD00854472 /* PBXContainerItemProxy */ = {
			isa = PBXContainerItemProxy;
			containerPortal = A68A22651B18B5DD00854472 /* Project object */;
			proxyType = 1;
			remoteGlobalIDString = A68A226D1B18B5DD00854472;
			remoteInfo = ulibgt;
		};
/* End PBXContainerItemProxy section */

/* Begin PBXFileReference section */
		A6091FC81CB567620076BD59 /* SccpVariant.h */ = {isa = PBXFileReference; fileEncoding = 4; lastKnownFileType = sourcecode.c.h; path = SccpVariant.h; sourceTree = "<group>"; };
		A632208E205FD0AE006CC06A /* SccpL3RoutingTable.h */ = {isa = PBXFileReference; lastKnownFileType = sourcecode.c.h; path = SccpL3RoutingTable.h; sourceTree = "<group>"; };
		A632208F205FD0AE006CC06A /* SccpL3RoutingTable.m */ = {isa = PBXFileReference; lastKnownFileType = sourcecode.c.objc; path = SccpL3RoutingTable.m; sourceTree = "<group>"; };
		A6322092205FD0CE006CC06A /* SccpL3RoutingTableEntry.h */ = {isa = PBXFileReference; lastKnownFileType = sourcecode.c.h; path = SccpL3RoutingTableEntry.h; sourceTree = "<group>"; };
		A6322093205FD0CE006CC06A /* SccpL3RoutingTableEntry.m */ = {isa = PBXFileReference; lastKnownFileType = sourcecode.c.objc; path = SccpL3RoutingTableEntry.m; sourceTree = "<group>"; };
		A6322096205FD186006CC06A /* SccpL3RouteStatus.h */ = {isa = PBXFileReference; lastKnownFileType = sourcecode.c.h; path = SccpL3RouteStatus.h; sourceTree = "<group>"; };
		A657727D252705CE004FFFBB /* SccpGttRoutingTableSubEntry.h */ = {isa = PBXFileReference; lastKnownFileType = sourcecode.c.h; path = SccpGttRoutingTableSubEntry.h; sourceTree = "<group>"; };
		A657727E252705CE004FFFBB /* SccpGttRoutingTableSubEntry.m */ = {isa = PBXFileReference; lastKnownFileType = sourcecode.c.objc; path = SccpGttRoutingTableSubEntry.m; sourceTree = "<group>"; };
		A6604A4F2527142B00D978EF /* ulib.framework */ = {isa = PBXFileReference; lastKnownFileType = wrapper.framework; name = ulib.framework; path = "/Library/Application Support/FinkTelecomServices/frameworks/ulib.framework"; sourceTree = "<absolute>"; };
		A661D19E1E89218D00A5140C /* README.txt */ = {isa = PBXFileReference; fileEncoding = 4; lastKnownFileType = text; path = README.txt; sourceTree = "<group>"; };
		A661D1A01E89234E00A5140C /* SccpTTMap.h */ = {isa = PBXFileReference; fileEncoding = 4; lastKnownFileType = sourcecode.c.h; path = SccpTTMap.h; sourceTree = "<group>"; };
		A661D1A11E89234E00A5140C /* SccpTTMap.m */ = {isa = PBXFileReference; fileEncoding = 4; lastKnownFileType = sourcecode.c.objc; path = SccpTTMap.m; sourceTree = "<group>"; };
		A661D1A41E892D9300A5140C /* SccpGttRoutingTableDigitNode.h */ = {isa = PBXFileReference; fileEncoding = 4; lastKnownFileType = sourcecode.c.h; path = SccpGttRoutingTableDigitNode.h; sourceTree = "<group>"; };
		A661D1A51E892D9300A5140C /* SccpGttRoutingTableDigitNode.m */ = {isa = PBXFileReference; fileEncoding = 4; lastKnownFileType = sourcecode.c.objc; path = SccpGttRoutingTableDigitNode.m; sourceTree = "<group>"; };
		A66233BF1E4C46C60095B5D8 /* SccpGttRoutingTable.h */ = {isa = PBXFileReference; fileEncoding = 4; lastKnownFileType = sourcecode.c.h; path = SccpGttRoutingTable.h; sourceTree = "<group>"; };
		A66233C01E4C46C60095B5D8 /* SccpGttRoutingTable.m */ = {isa = PBXFileReference; fileEncoding = 4; lastKnownFileType = sourcecode.c.objc; path = SccpGttRoutingTable.m; sourceTree = "<group>"; };
		A666EF6C1E89C54C004804CB /* UMSyntaxGT.h */ = {isa = PBXFileReference; fileEncoding = 4; lastKnownFileType = sourcecode.c.h; path = UMSyntaxGT.h; sourceTree = "<group>"; };
		A666EF6D1E89C54C004804CB /* UMSyntaxGT.m */ = {isa = PBXFileReference; fileEncoding = 4; lastKnownFileType = sourcecode.c.objc; path = UMSyntaxGT.m; sourceTree = "<group>"; };
		A666EF701E89C71F004804CB /* UMSyntaxGT_addressConversion.h */ = {isa = PBXFileReference; fileEncoding = 4; lastKnownFileType = sourcecode.c.h; path = UMSyntaxGT_addressConversion.h; sourceTree = "<group>"; };
		A666EF711E89C71F004804CB /* UMSyntaxGT_addressConversion.m */ = {isa = PBXFileReference; fileEncoding = 4; lastKnownFileType = sourcecode.c.objc; path = UMSyntaxGT_addressConversion.m; sourceTree = "<group>"; };
		A666EF741E89C73C004804CB /* UMSyntaxGT_applicationGroup.h */ = {isa = PBXFileReference; fileEncoding = 4; lastKnownFileType = sourcecode.c.h; path = UMSyntaxGT_applicationGroup.h; sourceTree = "<group>"; };
		A666EF751E89C73C004804CB /* UMSyntaxGT_applicationGroup.m */ = {isa = PBXFileReference; fileEncoding = 4; lastKnownFileType = sourcecode.c.objc; path = UMSyntaxGT_applicationGroup.m; sourceTree = "<group>"; };
		A666EF781E89C760004804CB /* UMSyntaxGT_selector.h */ = {isa = PBXFileReference; fileEncoding = 4; lastKnownFileType = sourcecode.c.h; path = UMSyntaxGT_selector.h; sourceTree = "<group>"; };
		A666EF791E89C760004804CB /* UMSyntaxGT_selector.m */ = {isa = PBXFileReference; fileEncoding = 4; lastKnownFileType = sourcecode.c.objc; path = UMSyntaxGT_selector.m; sourceTree = "<group>"; };
		A68A226E1B18B5DD00854472 /* ulibgt.framework */ = {isa = PBXFileReference; explicitFileType = wrapper.framework; includeInIndex = 0; path = ulibgt.framework; sourceTree = BUILT_PRODUCTS_DIR; };
		A68A22721B18B5DD00854472 /* Info.plist */ = {isa = PBXFileReference; lastKnownFileType = text.plist.xml; path = Info.plist; sourceTree = "<group>"; };
		A68A22731B18B5DD00854472 /* ulibgt.h */ = {isa = PBXFileReference; lastKnownFileType = sourcecode.c.h; path = ulibgt.h; sourceTree = "<group>"; };
		A68A22791B18B5DD00854472 /* ulibgtTests.xctest */ = {isa = PBXFileReference; explicitFileType = wrapper.cfbundle; includeInIndex = 0; path = ulibgtTests.xctest; sourceTree = BUILT_PRODUCTS_DIR; };
		A68A227F1B18B5DD00854472 /* Info.plist */ = {isa = PBXFileReference; lastKnownFileType = text.plist.xml; path = Info.plist; sourceTree = "<group>"; };
		A68A22801B18B5DD00854472 /* ulibgtTests.m */ = {isa = PBXFileReference; lastKnownFileType = sourcecode.c.objc; path = ulibgtTests.m; sourceTree = "<group>"; };
		A68A228E1B18B93D00854472 /* SccpGttRegistry.h */ = {isa = PBXFileReference; fileEncoding = 4; lastKnownFileType = sourcecode.c.h; path = SccpGttRegistry.h; sourceTree = "<group>"; };
		A68A228F1B18B93D00854472 /* SccpGttRegistry.m */ = {isa = PBXFileReference; fileEncoding = 4; lastKnownFileType = sourcecode.c.objc; path = SccpGttRegistry.m; sourceTree = "<group>"; };
		A68A22901B18B93D00854472 /* SccpGttSelector.h */ = {isa = PBXFileReference; fileEncoding = 4; lastKnownFileType = sourcecode.c.h; path = SccpGttSelector.h; sourceTree = "<group>"; };
		A68A22911B18B93D00854472 /* SccpGttSelector.m */ = {isa = PBXFileReference; fileEncoding = 4; lastKnownFileType = sourcecode.c.objc; path = SccpGttSelector.m; sourceTree = "<group>"; };
		A6ADC5D91CADBB2F00211137 /* SccpTranslationTableNumber.h */ = {isa = PBXFileReference; fileEncoding = 4; lastKnownFileType = sourcecode.c.h; lineEnding = 0; path = SccpTranslationTableNumber.h; sourceTree = "<group>"; xcLanguageSpecificationIdentifier = xcode.lang.objcpp; };
		A6ADC5DA1CADBB2F00211137 /* SccpTranslationTableNumber.m */ = {isa = PBXFileReference; fileEncoding = 4; lastKnownFileType = sourcecode.c.objc; lineEnding = 0; path = SccpTranslationTableNumber.m; sourceTree = "<group>"; xcLanguageSpecificationIdentifier = xcode.lang.objc; };
		A6ADC5DD1CADEA2C00211137 /* ulibmtp3.framework */ = {isa = PBXFileReference; lastKnownFileType = wrapper.framework; name = ulibmtp3.framework; path = "/Library/Application Support/FinkTelecomServices/frameworks/ulibmtp3.framework"; sourceTree = "<absolute>"; };
		A6C0AFB62089F90C00DAB157 /* SccpNumberTranslation.h */ = {isa = PBXFileReference; lastKnownFileType = sourcecode.c.h; path = SccpNumberTranslation.h; sourceTree = "<group>"; };
		A6C0AFB72089F90C00DAB157 /* SccpNumberTranslation.m */ = {isa = PBXFileReference; lastKnownFileType = sourcecode.c.objc; path = SccpNumberTranslation.m; sourceTree = "<group>"; };
		A6C0AFBA2089F91A00DAB157 /* SccpNumberTranslationEntry.h */ = {isa = PBXFileReference; lastKnownFileType = sourcecode.c.h; path = SccpNumberTranslationEntry.h; sourceTree = "<group>"; };
		A6C0AFBB2089F91A00DAB157 /* SccpNumberTranslationEntry.m */ = {isa = PBXFileReference; lastKnownFileType = sourcecode.c.objc; path = SccpNumberTranslationEntry.m; sourceTree = "<group>"; };
		A6C2914A2361095200A34651 /* SccpCountry.h */ = {isa = PBXFileReference; lastKnownFileType = sourcecode.c.h; path = SccpCountry.h; sourceTree = "<group>"; };
		A6C2914B2361095200A34651 /* SccpCountry.m */ = {isa = PBXFileReference; lastKnownFileType = sourcecode.c.objc; path = SccpCountry.m; sourceTree = "<group>"; };
		A6D03BD61CA4959600211137 /* SccpAddress.h */ = {isa = PBXFileReference; fileEncoding = 4; lastKnownFileType = sourcecode.c.h; lineEnding = 0; path = SccpAddress.h; sourceTree = "<group>"; xcLanguageSpecificationIdentifier = xcode.lang.objcpp; };
		A6D03BD71CA4959600211137 /* SccpAddress.m */ = {isa = PBXFileReference; fileEncoding = 4; lastKnownFileType = sourcecode.c.objc; lineEnding = 0; path = SccpAddress.m; sourceTree = "<group>"; xcLanguageSpecificationIdentifier = xcode.lang.objc; };
		A6D03BDA1CA497D200211137 /* SccpAddressIndicator.h */ = {isa = PBXFileReference; fileEncoding = 4; lastKnownFileType = sourcecode.c.h; path = SccpAddressIndicator.h; sourceTree = "<group>"; };
		A6D03BDB1CA497D200211137 /* SccpAddressIndicator.m */ = {isa = PBXFileReference; fileEncoding = 4; lastKnownFileType = sourcecode.c.objc; path = SccpAddressIndicator.m; sourceTree = "<group>"; };
		A6D03BDE1CA49DCD00211137 /* SccpNatureOfAddressIndicator.h */ = {isa = PBXFileReference; fileEncoding = 4; lastKnownFileType = sourcecode.c.h; lineEnding = 0; path = SccpNatureOfAddressIndicator.h; sourceTree = "<group>"; xcLanguageSpecificationIdentifier = xcode.lang.objcpp; };
		A6D03BDF1CA49DCD00211137 /* SccpNatureOfAddressIndicator.m */ = {isa = PBXFileReference; fileEncoding = 4; lastKnownFileType = sourcecode.c.objc; lineEnding = 0; path = SccpNatureOfAddressIndicator.m; sourceTree = "<group>"; xcLanguageSpecificationIdentifier = xcode.lang.objc; };
		A6D03BE21CA49E0700211137 /* SccpSubSystemNumber.h */ = {isa = PBXFileReference; fileEncoding = 4; lastKnownFileType = sourcecode.c.h; lineEnding = 0; path = SccpSubSystemNumber.h; sourceTree = "<group>"; xcLanguageSpecificationIdentifier = xcode.lang.objcpp; };
		A6D03BE31CA49E0700211137 /* SccpSubSystemNumber.m */ = {isa = PBXFileReference; fileEncoding = 4; lastKnownFileType = sourcecode.c.objc; lineEnding = 0; path = SccpSubSystemNumber.m; sourceTree = "<group>"; xcLanguageSpecificationIdentifier = xcode.lang.objc; };
		A6D03BE61CA49F0F00211137 /* SccpTypeOfNumberIndicator.h */ = {isa = PBXFileReference; fileEncoding = 4; lastKnownFileType = sourcecode.c.h; lineEnding = 0; path = SccpTypeOfNumberIndicator.h; sourceTree = "<group>"; xcLanguageSpecificationIdentifier = xcode.lang.objcpp; };
		A6D03BE71CA49F0F00211137 /* SccpTypeOfNumberIndicator.m */ = {isa = PBXFileReference; fileEncoding = 4; lastKnownFileType = sourcecode.c.objc; lineEnding = 0; path = SccpTypeOfNumberIndicator.m; sourceTree = "<group>"; xcLanguageSpecificationIdentifier = xcode.lang.objc; };
		A6D03BEA1CA4A0E800211137 /* SccpNumberPlanIndicator.h */ = {isa = PBXFileReference; fileEncoding = 4; lastKnownFileType = sourcecode.c.h; lineEnding = 0; path = SccpNumberPlanIndicator.h; sourceTree = "<group>"; xcLanguageSpecificationIdentifier = xcode.lang.objcpp; };
		A6D03BEB1CA4A0E800211137 /* SccpNumberPlanIndicator.m */ = {isa = PBXFileReference; fileEncoding = 4; lastKnownFileType = sourcecode.c.objc; lineEnding = 0; path = SccpNumberPlanIndicator.m; sourceTree = "<group>"; xcLanguageSpecificationIdentifier = xcode.lang.objc; };
		A6D43A2C1B3143600090FC94 /* VERSION */ = {isa = PBXFileReference; fileEncoding = 4; lastKnownFileType = text; path = VERSION; sourceTree = "<group>"; };
		A6D83D0E1E4C562900D04652 /* SccpGttRoutingTableEntry.h */ = {isa = PBXFileReference; fileEncoding = 4; lastKnownFileType = sourcecode.c.h; path = SccpGttRoutingTableEntry.h; sourceTree = "<group>"; };
		A6D83D0F1E4C562900D04652 /* SccpGttRoutingTableEntry.m */ = {isa = PBXFileReference; fileEncoding = 4; lastKnownFileType = sourcecode.c.objc; path = SccpGttRoutingTableEntry.m; sourceTree = "<group>"; };
		A6E6E89E205C842E00342810 /* SccpDestinationGroup.h */ = {isa = PBXFileReference; lastKnownFileType = sourcecode.c.h; path = SccpDestinationGroup.h; sourceTree = "<group>"; };
		A6E6E89F205C842E00342810 /* SccpDestinationGroup.m */ = {isa = PBXFileReference; lastKnownFileType = sourcecode.c.objc; path = SccpDestinationGroup.m; sourceTree = "<group>"; };
		A6E6E8A2205C843800342810 /* SccpDestination.h */ = {isa = PBXFileReference; lastKnownFileType = sourcecode.c.h; path = SccpDestination.h; sourceTree = "<group>"; };
		A6E6E8A3205C843800342810 /* SccpDestination.m */ = {isa = PBXFileReference; lastKnownFileType = sourcecode.c.objc; path = SccpDestination.m; sourceTree = "<group>"; };
		A6E7BF471FBECE4600C53765 /* E.212-200702-S!Amd1!PDF-E.pdf */ = {isa = PBXFileReference; lastKnownFileType = image.pdf; path = "E.212-200702-S!Amd1!PDF-E.pdf"; sourceTree = "<group>"; };
		A6E7BF481FBECE4600C53765 /* E.212-200805-I!!PDF-E-2.pdf */ = {isa = PBXFileReference; lastKnownFileType = image.pdf; path = "E.212-200805-I!!PDF-E-2.pdf"; sourceTree = "<group>"; };
		A6E7BF491FBECE4600C53765 /* E.212-201011-I!Amd2!PDF-E.pdf */ = {isa = PBXFileReference; lastKnownFileType = image.pdf; path = "E.212-201011-I!Amd2!PDF-E.pdf"; sourceTree = "<group>"; };
		A6E7BF4A1FBECE4600C53765 /* E.213-198811-I!!PDF-E.pdf */ = {isa = PBXFileReference; lastKnownFileType = image.pdf; path = "E.213-198811-I!!PDF-E.pdf"; sourceTree = "<group>"; };
		A6E7BF4B1FBECE4600C53765 /* E.212-200805-I!!PDF-E.pdf */ = {isa = PBXFileReference; lastKnownFileType = image.pdf; path = "E.212-200805-I!!PDF-E.pdf"; sourceTree = "<group>"; };
		A6F693F01B4E83630090FC94 /* configure.in */ = {isa = PBXFileReference; lastKnownFileType = text; path = configure.in; sourceTree = "<group>"; };
		A6F694211B4E85980090FC94 /* Makefile.linux.in */ = {isa = PBXFileReference; lastKnownFileType = text; path = Makefile.linux.in; sourceTree = "<group>"; };
		A6F694221B4E85980090FC94 /* Makefile.osx.in */ = {isa = PBXFileReference; lastKnownFileType = text; path = Makefile.osx.in; sourceTree = "<group>"; };
		A6F694231B4E85980090FC94 /* ulibgt.pc.in */ = {isa = PBXFileReference; lastKnownFileType = text; path = ulibgt.pc.in; sourceTree = "<group>"; };
/* End PBXFileReference section */

/* Begin PBXFrameworksBuildPhase section */
		A68A226A1B18B5DD00854472 /* Frameworks */ = {
			isa = PBXFrameworksBuildPhase;
			buildActionMask = 2147483647;
			files = (
				A6604A502527142B00D978EF /* ulib.framework in Frameworks */,
				A6ADC5DE1CADEA2C00211137 /* ulibmtp3.framework in Frameworks */,
			);
			runOnlyForDeploymentPostprocessing = 0;
		};
		A68A22761B18B5DD00854472 /* Frameworks */ = {
			isa = PBXFrameworksBuildPhase;
			buildActionMask = 2147483647;
			files = (
				A68A227A1B18B5DD00854472 /* ulibgt.framework in Frameworks */,
			);
			runOnlyForDeploymentPostprocessing = 0;
		};
/* End PBXFrameworksBuildPhase section */

/* Begin PBXGroup section */
		A666EEC21E89B69E004804CB /* Frameworks */ = {
			isa = PBXGroup;
			children = (
				A6604A4F2527142B00D978EF /* ulib.framework */,
				A6ADC5DD1CADEA2C00211137 /* ulibmtp3.framework */,
			);
			name = Frameworks;
			sourceTree = "<group>";
		};
		A68A22641B18B5DD00854472 = {
			isa = PBXGroup;
			children = (
				A6D43A2C1B3143600090FC94 /* VERSION */,
				A661D19E1E89218D00A5140C /* README.txt */,
				A6F693F01B4E83630090FC94 /* configure.in */,
				A6F694211B4E85980090FC94 /* Makefile.linux.in */,
				A6F694221B4E85980090FC94 /* Makefile.osx.in */,
				A6F694231B4E85980090FC94 /* ulibgt.pc.in */,
				A68A22711B18B5DD00854472 /* SupportingFiles */,
				A68A22701B18B5DD00854472 /* Classes */,
				A666EEC21E89B69E004804CB /* Frameworks */,
				A68A227D1B18B5DD00854472 /* ulibgtTests */,
				A68A226F1B18B5DD00854472 /* Products */,
				A6E7BF461FBECE2C00C53765 /* doc */,
			);
			sourceTree = "<group>";
		};
		A68A226F1B18B5DD00854472 /* Products */ = {
			isa = PBXGroup;
			children = (
				A68A226E1B18B5DD00854472 /* ulibgt.framework */,
				A68A22791B18B5DD00854472 /* ulibgtTests.xctest */,
			);
			name = Products;
			sourceTree = "<group>";
		};
		A68A22701B18B5DD00854472 /* Classes */ = {
			isa = PBXGroup;
			children = (
				A68A22731B18B5DD00854472 /* ulibgt.h */,
				A666EF6C1E89C54C004804CB /* UMSyntaxGT.h */,
				A666EF6D1E89C54C004804CB /* UMSyntaxGT.m */,
				A666EF701E89C71F004804CB /* UMSyntaxGT_addressConversion.h */,
				A666EF711E89C71F004804CB /* UMSyntaxGT_addressConversion.m */,
				A666EF741E89C73C004804CB /* UMSyntaxGT_applicationGroup.h */,
				A666EF751E89C73C004804CB /* UMSyntaxGT_applicationGroup.m */,
				A666EF781E89C760004804CB /* UMSyntaxGT_selector.h */,
				A666EF791E89C760004804CB /* UMSyntaxGT_selector.m */,
				A6091FC81CB567620076BD59 /* SccpVariant.h */,
				A6D03BDA1CA497D200211137 /* SccpAddressIndicator.h */,
				A6D03BDB1CA497D200211137 /* SccpAddressIndicator.m */,
				A6D03BEA1CA4A0E800211137 /* SccpNumberPlanIndicator.h */,
				A6D03BEB1CA4A0E800211137 /* SccpNumberPlanIndicator.m */,
				A6D03BE61CA49F0F00211137 /* SccpTypeOfNumberIndicator.h */,
				A6D03BE71CA49F0F00211137 /* SccpTypeOfNumberIndicator.m */,
				A6D03BDE1CA49DCD00211137 /* SccpNatureOfAddressIndicator.h */,
				A6D03BDF1CA49DCD00211137 /* SccpNatureOfAddressIndicator.m */,
				A661D1A01E89234E00A5140C /* SccpTTMap.h */,
				A661D1A11E89234E00A5140C /* SccpTTMap.m */,
				A6D03BE21CA49E0700211137 /* SccpSubSystemNumber.h */,
				A6D03BE31CA49E0700211137 /* SccpSubSystemNumber.m */,
				A6E6E89E205C842E00342810 /* SccpDestinationGroup.h */,
				A6E6E89F205C842E00342810 /* SccpDestinationGroup.m */,
				A6E6E8A2205C843800342810 /* SccpDestination.h */,
				A6E6E8A3205C843800342810 /* SccpDestination.m */,
				A6ADC5D91CADBB2F00211137 /* SccpTranslationTableNumber.h */,
				A6ADC5DA1CADBB2F00211137 /* SccpTranslationTableNumber.m */,
				A6C0AFB62089F90C00DAB157 /* SccpNumberTranslation.h */,
				A6C0AFB72089F90C00DAB157 /* SccpNumberTranslation.m */,
				A6C0AFBA2089F91A00DAB157 /* SccpNumberTranslationEntry.h */,
				A6C0AFBB2089F91A00DAB157 /* SccpNumberTranslationEntry.m */,
				A6D03BD61CA4959600211137 /* SccpAddress.h */,
				A6D03BD71CA4959600211137 /* SccpAddress.m */,
				A68A228E1B18B93D00854472 /* SccpGttRegistry.h */,
				A68A228F1B18B93D00854472 /* SccpGttRegistry.m */,
				A68A22901B18B93D00854472 /* SccpGttSelector.h */,
				A68A22911B18B93D00854472 /* SccpGttSelector.m */,
				A66233BF1E4C46C60095B5D8 /* SccpGttRoutingTable.h */,
				A66233C01E4C46C60095B5D8 /* SccpGttRoutingTable.m */,
				A6D83D0E1E4C562900D04652 /* SccpGttRoutingTableEntry.h */,
				A6D83D0F1E4C562900D04652 /* SccpGttRoutingTableEntry.m */,
				A657727D252705CE004FFFBB /* SccpGttRoutingTableSubEntry.h */,
				A657727E252705CE004FFFBB /* SccpGttRoutingTableSubEntry.m */,
				A661D1A41E892D9300A5140C /* SccpGttRoutingTableDigitNode.h */,
				A661D1A51E892D9300A5140C /* SccpGttRoutingTableDigitNode.m */,
				A6322096205FD186006CC06A /* SccpL3RouteStatus.h */,
				A632208E205FD0AE006CC06A /* SccpL3RoutingTable.h */,
				A632208F205FD0AE006CC06A /* SccpL3RoutingTable.m */,
				A6322092205FD0CE006CC06A /* SccpL3RoutingTableEntry.h */,
				A6322093205FD0CE006CC06A /* SccpL3RoutingTableEntry.m */,
				A6C2914A2361095200A34651 /* SccpCountry.h */,
				A6C2914B2361095200A34651 /* SccpCountry.m */,
			);
			path = Classes;
			sourceTree = "<group>";
		};
		A68A22711B18B5DD00854472 /* SupportingFiles */ = {
			isa = PBXGroup;
			children = (
				A68A22721B18B5DD00854472 /* Info.plist */,
			);
			path = SupportingFiles;
			sourceTree = "<group>";
		};
		A68A227D1B18B5DD00854472 /* ulibgtTests */ = {
			isa = PBXGroup;
			children = (
				A68A22801B18B5DD00854472 /* ulibgtTests.m */,
				A68A227E1B18B5DD00854472 /* Supporting Files */,
			);
			path = ulibgtTests;
			sourceTree = "<group>";
		};
		A68A227E1B18B5DD00854472 /* Supporting Files */ = {
			isa = PBXGroup;
			children = (
				A68A227F1B18B5DD00854472 /* Info.plist */,
			);
			name = "Supporting Files";
			sourceTree = "<group>";
		};
		A6E7BF461FBECE2C00C53765 /* doc */ = {
			isa = PBXGroup;
			children = (
				A6E7BF471FBECE4600C53765 /* E.212-200702-S!Amd1!PDF-E.pdf */,
				A6E7BF481FBECE4600C53765 /* E.212-200805-I!!PDF-E-2.pdf */,
				A6E7BF4B1FBECE4600C53765 /* E.212-200805-I!!PDF-E.pdf */,
				A6E7BF491FBECE4600C53765 /* E.212-201011-I!Amd2!PDF-E.pdf */,
				A6E7BF4A1FBECE4600C53765 /* E.213-198811-I!!PDF-E.pdf */,
			);
			path = doc;
			sourceTree = "<group>";
		};
/* End PBXGroup section */

/* Begin PBXHeadersBuildPhase section */
		A68A226B1B18B5DD00854472 /* Headers */ = {
			isa = PBXHeadersBuildPhase;
			buildActionMask = 2147483647;
			files = (
				A6D03BE01CA49DCD00211137 /* SccpNatureOfAddressIndicator.h in Headers */,
				A6C0AFBC2089F91A00DAB157 /* SccpNumberTranslationEntry.h in Headers */,
				A6C2914C2361095200A34651 /* SccpCountry.h in Headers */,
				A6322094205FD0CE006CC06A /* SccpL3RoutingTableEntry.h in Headers */,
				A6E6E8A4205C843800342810 /* SccpDestination.h in Headers */,
				A666EF761E89C73C004804CB /* UMSyntaxGT_applicationGroup.h in Headers */,
				A6D03BD81CA4959600211137 /* SccpAddress.h in Headers */,
				A66233C11E4C46C60095B5D8 /* SccpGttRoutingTable.h in Headers */,
				A6091FCA1CB567630076BD59 /* SccpVariant.h in Headers */,
				A6322090205FD0AE006CC06A /* SccpL3RoutingTable.h in Headers */,
				A6D03BE41CA49E0700211137 /* SccpSubSystemNumber.h in Headers */,
				A657727F252705CE004FFFBB /* SccpGttRoutingTableSubEntry.h in Headers */,
				A6C0AFB82089F90C00DAB157 /* SccpNumberTranslation.h in Headers */,
				A6D03BDC1CA497D200211137 /* SccpAddressIndicator.h in Headers */,
				A661D1A21E89234E00A5140C /* SccpTTMap.h in Headers */,
				A6D03BEC1CA4A0E800211137 /* SccpNumberPlanIndicator.h in Headers */,
				A68A229C1B18B93D00854472 /* SccpGttSelector.h in Headers */,
				A6ADC5DB1CADBB2F00211137 /* SccpTranslationTableNumber.h in Headers */,
				A661D1A61E892D9300A5140C /* SccpGttRoutingTableDigitNode.h in Headers */,
				A68A22991B18B93D00854472 /* SccpGttRegistry.h in Headers */,
				A68A22741B18B5DD00854472 /* ulibgt.h in Headers */,
				A666EF7A1E89C760004804CB /* UMSyntaxGT_selector.h in Headers */,
				A666EF6E1E89C54C004804CB /* UMSyntaxGT.h in Headers */,
				A6D83D101E4C562900D04652 /* SccpGttRoutingTableEntry.h in Headers */,
				A6322098205FD186006CC06A /* SccpL3RouteStatus.h in Headers */,
				A6D03BE81CA49F0F00211137 /* SccpTypeOfNumberIndicator.h in Headers */,
				A666EF721E89C71F004804CB /* UMSyntaxGT_addressConversion.h in Headers */,
				A6E6E8A0205C842E00342810 /* SccpDestinationGroup.h in Headers */,
			);
			runOnlyForDeploymentPostprocessing = 0;
		};
/* End PBXHeadersBuildPhase section */

/* Begin PBXNativeTarget section */
		A68A226D1B18B5DD00854472 /* ulibgt */ = {
			isa = PBXNativeTarget;
			buildConfigurationList = A68A22841B18B5DD00854472 /* Build configuration list for PBXNativeTarget "ulibgt" */;
			buildPhases = (
				A68A22691B18B5DD00854472 /* Sources */,
				A67598151B1C780B0090FC94 /* ShellScript */,
				A68A226A1B18B5DD00854472 /* Frameworks */,
				A68A226B1B18B5DD00854472 /* Headers */,
				A68A226C1B18B5DD00854472 /* Resources */,
			);
			buildRules = (
			);
			dependencies = (
			);
			name = ulibgt;
			productName = ulibgt;
			productReference = A68A226E1B18B5DD00854472 /* ulibgt.framework */;
			productType = "com.apple.product-type.framework";
		};
		A68A22781B18B5DD00854472 /* ulibgtTests */ = {
			isa = PBXNativeTarget;
			buildConfigurationList = A68A22871B18B5DD00854472 /* Build configuration list for PBXNativeTarget "ulibgtTests" */;
			buildPhases = (
				A68A22751B18B5DD00854472 /* Sources */,
				A68A22761B18B5DD00854472 /* Frameworks */,
				A68A22771B18B5DD00854472 /* Resources */,
			);
			buildRules = (
			);
			dependencies = (
				A68A227C1B18B5DD00854472 /* PBXTargetDependency */,
			);
			name = ulibgtTests;
			productName = ulibgtTests;
			productReference = A68A22791B18B5DD00854472 /* ulibgtTests.xctest */;
			productType = "com.apple.product-type.bundle.unit-test";
		};
/* End PBXNativeTarget section */

/* Begin PBXProject section */
		A68A22651B18B5DD00854472 /* Project object */ = {
			isa = PBXProject;
			attributes = {
				LastUpgradeCheck = 1210;
				ORGANIZATIONNAME = "Andreas Fink (andreas@fink.org)";
				TargetAttributes = {
					A68A226D1B18B5DD00854472 = {
						CreatedOnToolsVersion = 6.3.2;
						DevelopmentTeam = 2GSNWPNR77;
						ProvisioningStyle = Automatic;
					};
					A68A22781B18B5DD00854472 = {
						CreatedOnToolsVersion = 6.3.2;
						DevelopmentTeam = 2GSNWPNR77;
						ProvisioningStyle = Automatic;
					};
				};
			};
			buildConfigurationList = A68A22681B18B5DD00854472 /* Build configuration list for PBXProject "ulibgt" */;
			compatibilityVersion = "Xcode 3.2";
			developmentRegion = en;
			hasScannedForEncodings = 0;
			knownRegions = (
				en,
				Base,
			);
			mainGroup = A68A22641B18B5DD00854472;
			productRefGroup = A68A226F1B18B5DD00854472 /* Products */;
			projectDirPath = "";
			projectRoot = "";
			targets = (
				A68A226D1B18B5DD00854472 /* ulibgt */,
				A68A22781B18B5DD00854472 /* ulibgtTests */,
			);
		};
/* End PBXProject section */

/* Begin PBXResourcesBuildPhase section */
		A68A226C1B18B5DD00854472 /* Resources */ = {
			isa = PBXResourcesBuildPhase;
			buildActionMask = 2147483647;
			files = (
			);
			runOnlyForDeploymentPostprocessing = 0;
		};
		A68A22771B18B5DD00854472 /* Resources */ = {
			isa = PBXResourcesBuildPhase;
			buildActionMask = 2147483647;
			files = (
			);
			runOnlyForDeploymentPostprocessing = 0;
		};
/* End PBXResourcesBuildPhase section */

/* Begin PBXShellScriptBuildPhase section */
		A67598151B1C780B0090FC94 /* ShellScript */ = {
			isa = PBXShellScriptBuildPhase;
			buildActionMask = 2147483647;
			files = (
			);
			inputPaths = (
				"$(SRCROOT)/VERSION",
			);
			outputPaths = (
				"$(DERIVED_FILE_DIR)/version.h",
			);
			runOnlyForDeploymentPostprocessing = 0;
			shellPath = /bin/sh;
			shellScript = "if [ -f version.h ]\nthen\nif [ VERSION -nt version.h ]\nthen\n./configure\nfi\nelse\n./configure\nfi\n";
		};
/* End PBXShellScriptBuildPhase section */

/* Begin PBXSourcesBuildPhase section */
		A68A22691B18B5DD00854472 /* Sources */ = {
			isa = PBXSourcesBuildPhase;
			buildActionMask = 2147483647;
			files = (
				A6E6E8A5205C843800342810 /* SccpDestination.m in Sources */,
				A666EF771E89C73C004804CB /* UMSyntaxGT_applicationGroup.m in Sources */,
				A6ADC5DC1CADBB2F00211137 /* SccpTranslationTableNumber.m in Sources */,
				A6D03BE11CA49DCD00211137 /* SccpNatureOfAddressIndicator.m in Sources */,
				A661D1A71E892D9300A5140C /* SccpGttRoutingTableDigitNode.m in Sources */,
				A6C2914D2361095200A34651 /* SccpCountry.m in Sources */,
				A666EF731E89C71F004804CB /* UMSyntaxGT_addressConversion.m in Sources */,
				A68A229D1B18B93D00854472 /* SccpGttSelector.m in Sources */,
				A6C0AFBD2089F91A00DAB157 /* SccpNumberTranslationEntry.m in Sources */,
				A66233C21E4C46C60095B5D8 /* SccpGttRoutingTable.m in Sources */,
				A661D1A31E89234E00A5140C /* SccpTTMap.m in Sources */,
				A6577280252705CE004FFFBB /* SccpGttRoutingTableSubEntry.m in Sources */,
				A6322091205FD0AE006CC06A /* SccpL3RoutingTable.m in Sources */,
				A6D03BE51CA49E0700211137 /* SccpSubSystemNumber.m in Sources */,
				A6D03BED1CA4A0E800211137 /* SccpNumberPlanIndicator.m in Sources */,
				A6322095205FD0CE006CC06A /* SccpL3RoutingTableEntry.m in Sources */,
				A6D83D111E4C562900D04652 /* SccpGttRoutingTableEntry.m in Sources */,
				A666EF6F1E89C54C004804CB /* UMSyntaxGT.m in Sources */,
				A6C0AFB92089F90C00DAB157 /* SccpNumberTranslation.m in Sources */,
				A68A229A1B18B93D00854472 /* SccpGttRegistry.m in Sources */,
				A666EF7B1E89C760004804CB /* UMSyntaxGT_selector.m in Sources */,
				A6D03BD91CA4959600211137 /* SccpAddress.m in Sources */,
				A6D03BE91CA49F0F00211137 /* SccpTypeOfNumberIndicator.m in Sources */,
				A6D03BDD1CA497D200211137 /* SccpAddressIndicator.m in Sources */,
				A6E6E8A1205C842E00342810 /* SccpDestinationGroup.m in Sources */,
			);
			runOnlyForDeploymentPostprocessing = 0;
		};
		A68A22751B18B5DD00854472 /* Sources */ = {
			isa = PBXSourcesBuildPhase;
			buildActionMask = 2147483647;
			files = (
				A68A22811B18B5DD00854472 /* ulibgtTests.m in Sources */,
				A68A229E1B18B93D00854472 /* SccpGttSelector.m in Sources */,
				A68A229B1B18B93D00854472 /* SccpGttRegistry.m in Sources */,
			);
			runOnlyForDeploymentPostprocessing = 0;
		};
/* End PBXSourcesBuildPhase section */

/* Begin PBXTargetDependency section */
		A68A227C1B18B5DD00854472 /* PBXTargetDependency */ = {
			isa = PBXTargetDependency;
			target = A68A226D1B18B5DD00854472 /* ulibgt */;
			targetProxy = A68A227B1B18B5DD00854472 /* PBXContainerItemProxy */;
		};
/* End PBXTargetDependency section */

/* Begin XCBuildConfiguration section */
		A68A22821B18B5DD00854472 /* Debug */ = {
			isa = XCBuildConfiguration;
			buildSettings = {
				ALWAYS_SEARCH_USER_PATHS = NO;
				CLANG_ANALYZER_LOCALIZABILITY_NONLOCALIZED = YES;
				CLANG_CXX_LANGUAGE_STANDARD = "gnu++0x";
				CLANG_CXX_LIBRARY = "libc++";
				CLANG_ENABLE_MODULES = NO;
				CLANG_ENABLE_OBJC_ARC = YES;
				CLANG_WARN_BLOCK_CAPTURE_AUTORELEASING = YES;
				CLANG_WARN_BOOL_CONVERSION = YES;
				CLANG_WARN_COMMA = YES;
				CLANG_WARN_CONSTANT_CONVERSION = YES;
				CLANG_WARN_DEPRECATED_OBJC_IMPLEMENTATIONS = YES;
				CLANG_WARN_DIRECT_OBJC_ISA_USAGE = YES_ERROR;
				CLANG_WARN_EMPTY_BODY = YES;
				CLANG_WARN_ENUM_CONVERSION = YES;
				CLANG_WARN_INFINITE_RECURSION = YES;
				CLANG_WARN_INT_CONVERSION = YES;
				CLANG_WARN_NON_LITERAL_NULL_CONVERSION = YES;
				CLANG_WARN_OBJC_IMPLICIT_RETAIN_SELF = YES;
				CLANG_WARN_OBJC_LITERAL_CONVERSION = YES;
				CLANG_WARN_OBJC_ROOT_CLASS = YES_ERROR;
				CLANG_WARN_RANGE_LOOP_ANALYSIS = YES;
				CLANG_WARN_STRICT_PROTOTYPES = YES;
				CLANG_WARN_SUSPICIOUS_MOVE = YES;
				CLANG_WARN_UNREACHABLE_CODE = YES;
				CLANG_WARN__DUPLICATE_METHOD_MATCH = YES;
				COMBINE_HIDPI_IMAGES = YES;
				COPY_PHASE_STRIP = NO;
				CURRENT_PROJECT_VERSION = 1;
				DEBUG_INFORMATION_FORMAT = dwarf;
				DEPLOYMENT_LOCATION = YES;
				DEPLOYMENT_POSTPROCESSING = YES;
				DSTROOT = /;
				ENABLE_STRICT_OBJC_MSGSEND = YES;
				ENABLE_TESTABILITY = YES;
				FRAMEWORK_SEARCH_PATHS = "\"/Library/Application Support/FinkTelecomServices/frameworks\"";
				GCC_C_LANGUAGE_STANDARD = gnu99;
				GCC_DYNAMIC_NO_PIC = NO;
				GCC_NO_COMMON_BLOCKS = YES;
				GCC_OPTIMIZATION_LEVEL = 0;
				GCC_PREPROCESSOR_DEFINITIONS = (
					"DEBUG=1",
					"$(inherited)",
				);
				GCC_SYMBOLS_PRIVATE_EXTERN = NO;
				GCC_WARN_64_TO_32_BIT_CONVERSION = YES;
				GCC_WARN_ABOUT_RETURN_TYPE = YES_ERROR;
				GCC_WARN_UNDECLARED_SELECTOR = YES;
				GCC_WARN_UNINITIALIZED_AUTOS = YES_AGGRESSIVE;
				GCC_WARN_UNUSED_FUNCTION = YES;
				GCC_WARN_UNUSED_VARIABLE = YES;
				INSTALL_PATH = "/Library/Application Support/FinkTelecomServices/frameworks";
				MACOSX_DEPLOYMENT_TARGET = 10.14;
				MTL_ENABLE_DEBUG_INFO = YES;
				ONLY_ACTIVE_ARCH = YES;
				SDKROOT = macosx;
				STRIP_INSTALLED_PRODUCT = NO;
				VERSIONING_SYSTEM = "apple-generic";
				VERSION_INFO_PREFIX = "";
			};
			name = Debug;
		};
		A68A22831B18B5DD00854472 /* Release */ = {
			isa = XCBuildConfiguration;
			buildSettings = {
				ALWAYS_SEARCH_USER_PATHS = NO;
				CLANG_ANALYZER_LOCALIZABILITY_NONLOCALIZED = YES;
				CLANG_CXX_LANGUAGE_STANDARD = "gnu++0x";
				CLANG_CXX_LIBRARY = "libc++";
				CLANG_ENABLE_MODULES = NO;
				CLANG_ENABLE_OBJC_ARC = YES;
				CLANG_WARN_BLOCK_CAPTURE_AUTORELEASING = YES;
				CLANG_WARN_BOOL_CONVERSION = YES;
				CLANG_WARN_COMMA = YES;
				CLANG_WARN_CONSTANT_CONVERSION = YES;
				CLANG_WARN_DEPRECATED_OBJC_IMPLEMENTATIONS = YES;
				CLANG_WARN_DIRECT_OBJC_ISA_USAGE = YES_ERROR;
				CLANG_WARN_EMPTY_BODY = YES;
				CLANG_WARN_ENUM_CONVERSION = YES;
				CLANG_WARN_INFINITE_RECURSION = YES;
				CLANG_WARN_INT_CONVERSION = YES;
				CLANG_WARN_NON_LITERAL_NULL_CONVERSION = YES;
				CLANG_WARN_OBJC_IMPLICIT_RETAIN_SELF = YES;
				CLANG_WARN_OBJC_LITERAL_CONVERSION = YES;
				CLANG_WARN_OBJC_ROOT_CLASS = YES_ERROR;
				CLANG_WARN_RANGE_LOOP_ANALYSIS = YES;
				CLANG_WARN_STRICT_PROTOTYPES = YES;
				CLANG_WARN_SUSPICIOUS_MOVE = YES;
				CLANG_WARN_UNREACHABLE_CODE = YES;
				CLANG_WARN__DUPLICATE_METHOD_MATCH = YES;
				COMBINE_HIDPI_IMAGES = YES;
				COPY_PHASE_STRIP = YES;
				CURRENT_PROJECT_VERSION = 1;
				DEBUG_INFORMATION_FORMAT = "dwarf-with-dsym";
				DEPLOYMENT_LOCATION = YES;
				DEPLOYMENT_POSTPROCESSING = YES;
				DSTROOT = /;
				ENABLE_NS_ASSERTIONS = NO;
				ENABLE_STRICT_OBJC_MSGSEND = YES;
				FRAMEWORK_SEARCH_PATHS = "\"/Library/Application Support/FinkTelecomServices/frameworks\"";
				GCC_C_LANGUAGE_STANDARD = gnu99;
				GCC_NO_COMMON_BLOCKS = YES;
				GCC_WARN_64_TO_32_BIT_CONVERSION = YES;
				GCC_WARN_ABOUT_RETURN_TYPE = YES_ERROR;
				GCC_WARN_UNDECLARED_SELECTOR = YES;
				GCC_WARN_UNINITIALIZED_AUTOS = YES_AGGRESSIVE;
				GCC_WARN_UNUSED_FUNCTION = YES;
				GCC_WARN_UNUSED_VARIABLE = YES;
				INSTALL_PATH = "/Library/Application Support/FinkTelecomServices/frameworks";
				MACOSX_DEPLOYMENT_TARGET = 10.14;
				MTL_ENABLE_DEBUG_INFO = NO;
				SDKROOT = macosx;
				STRIP_INSTALLED_PRODUCT = NO;
				VERSIONING_SYSTEM = "apple-generic";
				VERSION_INFO_PREFIX = "";
			};
			name = Release;
		};
		A68A22851B18B5DD00854472 /* Debug */ = {
			isa = XCBuildConfiguration;
			buildSettings = {
				CODE_SIGN_IDENTITY = "Apple Development";
				DEVELOPMENT_TEAM = 2GSNWPNR77;
				DSTROOT = /;
				DYLIB_COMPATIBILITY_VERSION = 1;
				DYLIB_CURRENT_VERSION = 1;
				FRAMEWORK_SEARCH_PATHS = (
					"$(inherited)",
					"$(LOCAL_LIBRARY_DIR)/Frameworks",
					"$(LOCAL_LIBRARY_DIR)/Application\\ Support/FinkTelecomServices/frameworks",
				);
				FRAMEWORK_VERSION = A;
				INFOPLIST_FILE = "$(SRCROOT)/SupportingFiles/Info.plist";
				LD_RUNPATH_SEARCH_PATHS = "$(inherited) @executable_path/../Frameworks @loader_path/Frameworks";
				MACOSX_DEPLOYMENT_TARGET = 10.14;
				PRODUCT_BUNDLE_IDENTIFIER = me.fink.ulibgt;
				PRODUCT_NAME = "$(TARGET_NAME)";
				SKIP_INSTALL = NO;
			};
			name = Debug;
		};
		A68A22861B18B5DD00854472 /* Release */ = {
			isa = XCBuildConfiguration;
			buildSettings = {
				CODE_SIGN_IDENTITY = "Apple Development";
				DEVELOPMENT_TEAM = 2GSNWPNR77;
				DSTROOT = /;
				DYLIB_COMPATIBILITY_VERSION = 1;
				DYLIB_CURRENT_VERSION = 1;
				FRAMEWORK_SEARCH_PATHS = (
					"$(inherited)",
					"$(LOCAL_LIBRARY_DIR)/Frameworks",
					"$(LOCAL_LIBRARY_DIR)/Application\\ Support/FinkTelecomServices/frameworks",
				);
				FRAMEWORK_VERSION = A;
				INFOPLIST_FILE = "$(SRCROOT)/SupportingFiles/Info.plist";
				LD_RUNPATH_SEARCH_PATHS = "$(inherited) @executable_path/../Frameworks @loader_path/Frameworks";
				MACOSX_DEPLOYMENT_TARGET = 10.14;
				PRODUCT_BUNDLE_IDENTIFIER = me.fink.ulibgt;
				PRODUCT_NAME = "$(TARGET_NAME)";
				SKIP_INSTALL = NO;
			};
			name = Release;
		};
		A68A22881B18B5DD00854472 /* Debug */ = {
			isa = XCBuildConfiguration;
			buildSettings = {
				CODE_SIGN_IDENTITY = "Apple Development";
				CODE_SIGN_STYLE = Automatic;
				COMBINE_HIDPI_IMAGES = YES;
				DEVELOPMENT_TEAM = 2GSNWPNR77;
				FRAMEWORK_SEARCH_PATHS = (
					"$(DEVELOPER_FRAMEWORKS_DIR)",
					"$(inherited)",
					"$(LOCAL_LIBRARY_DIR)/Frameworks",
				);
				GCC_PREPROCESSOR_DEFINITIONS = (
					"DEBUG=1",
					"$(inherited)",
				);
				INFOPLIST_FILE = ulibgtTests/Info.plist;
				LD_RUNPATH_SEARCH_PATHS = "$(inherited) @executable_path/../Frameworks @loader_path/../Frameworks";
				PRODUCT_BUNDLE_IDENTIFIER = "me.fink.$(PRODUCT_NAME:rfc1034identifier)";
				PRODUCT_NAME = "$(TARGET_NAME)";
				PROVISIONING_PROFILE_SPECIFIER = "";
			};
			name = Debug;
		};
		A68A22891B18B5DD00854472 /* Release */ = {
			isa = XCBuildConfiguration;
			buildSettings = {
				CODE_SIGN_IDENTITY = "Apple Development";
				CODE_SIGN_STYLE = Automatic;
				COMBINE_HIDPI_IMAGES = YES;
				DEVELOPMENT_TEAM = 2GSNWPNR77;
				FRAMEWORK_SEARCH_PATHS = (
					"$(DEVELOPER_FRAMEWORKS_DIR)",
					"$(inherited)",
					"$(LOCAL_LIBRARY_DIR)/Frameworks",
				);
				INFOPLIST_FILE = ulibgtTests/Info.plist;
				LD_RUNPATH_SEARCH_PATHS = "$(inherited) @executable_path/../Frameworks @loader_path/../Frameworks";
				PRODUCT_BUNDLE_IDENTIFIER = "me.fink.$(PRODUCT_NAME:rfc1034identifier)";
				PRODUCT_NAME = "$(TARGET_NAME)";
				PROVISIONING_PROFILE_SPECIFIER = "";
			};
			name = Release;
		};
/* End XCBuildConfiguration section */

/* Begin XCConfigurationList section */
		A68A22681B18B5DD00854472 /* Build configuration list for PBXProject "ulibgt" */ = {
			isa = XCConfigurationList;
			buildConfigurations = (
				A68A22821B18B5DD00854472 /* Debug */,
				A68A22831B18B5DD00854472 /* Release */,
			);
			defaultConfigurationIsVisible = 0;
			defaultConfigurationName = Release;
		};
		A68A22841B18B5DD00854472 /* Build configuration list for PBXNativeTarget "ulibgt" */ = {
			isa = XCConfigurationList;
			buildConfigurations = (
				A68A22851B18B5DD00854472 /* Debug */,
				A68A22861B18B5DD00854472 /* Release */,
			);
			defaultConfigurationIsVisible = 0;
			defaultConfigurationName = Release;
		};
		A68A22871B18B5DD00854472 /* Build configuration list for PBXNativeTarget "ulibgtTests" */ = {
			isa = XCConfigurationList;
			buildConfigurations = (
				A68A22881B18B5DD00854472 /* Debug */,
				A68A22891B18B5DD00854472 /* Release */,
			);
			defaultConfigurationIsVisible = 0;
			defaultConfigurationName = Release;
		};
/* End XCConfigurationList section */
	};
	rootObject = A68A22651B18B5DD00854472 /* Project object */;
}
